
Microsoft Visual Studio Solution File, Format Version 12.00
# Visual Studio Version 16
VisualStudioVersion = 16.0.32901.82
MinimumVisualStudioVersion = 10.0.40219.1
Project("{8BC9CEB8-8B4A-11D0-8D11-00A0C91BC942}") = "ABLMediaServer", "ABLMediaServer\ABLMediaServer.vcxproj", "{078F7418-8D74-4F0F-A997-E49607E874B7}"
EndProject
Project("{8BC9CEB8-8B4A-11D0-8D11-00A0C91BC942}") = "ABLMediaServer-linux", "ABLMediaServer-linux\ABLMediaServer-linux.vcxproj", "{2F2B657B-4A87-4745-AA6D-737435023B43}"
EndProject
Project("{8BC9CEB8-8B4A-11D0-8D11-00A0C91BC942}") = "asio", "asio\asio.vcxproj", "{A3CC8645-220B-4469-9912-E7BD98AED954}"
EndProject
Project("{8BC9CEB8-8B4A-11D0-8D11-00A0C91BC942}") = "XHNetSDK", "XHNetSDK\XHNetSDK.vcxproj", "{051B2BB1-162E-4FA0-8877-4C8E98D79088}"
EndProject
Project("{8BC9CEB8-8B4A-11D0-8D11-00A0C91BC942}") = "webrtc-streamer", "webrtc-streamer\webrtc-streamer.vcxproj", "{9436486C-5146-4B7C-A0DA-B7483D917F58}"
EndProject
Project("{8BC9CEB8-8B4A-11D0-8D11-00A0C91BC942}") = "ps_demux", "packet\ps_demux\ps_demux.vcxproj", "{4B97030E-D442-40E4-BDB7-2BBBB7AEEB81}"
EndProject
Project("{8BC9CEB8-8B4A-11D0-8D11-00A0C91BC942}") = "ps_mux", "packet\ps_mux\ps_mux.vcxproj", "{E75EE157-8282-4B49-8DD6-1FA79218EDB7}"
EndProject
Project("{8BC9CEB8-8B4A-11D0-8D11-00A0C91BC942}") = "rtpdepacket", "packet\rtpdepacket\rtpdepacket.vcxproj", "{3DA99D20-077A-401D-9D6D-937B2130C817}"
EndProject
Project("{8BC9CEB8-8B4A-11D0-8D11-00A0C91BC942}") = "rtppacket", "packet\rtppacket\rtppacket.vcxproj", "{D134CC89-2776-49A2-A3B8-59716ABB757B}"
EndProject
Global
	GlobalSection(SolutionConfigurationPlatforms) = preSolution
		boost_release|ARM = boost_release|ARM
		boost_release|ARM64 = boost_release|ARM64
		boost_release|x64 = boost_release|x64
		boost_release|x86 = boost_release|x86
		Debug|ARM = Debug|ARM
		Debug|ARM64 = Debug|ARM64
		Debug|x64 = Debug|x64
		Debug|x86 = Debug|x86
		Release|ARM = Release|ARM
		Release|ARM64 = Release|ARM64
		Release|x64 = Release|x64
		Release|x86 = Release|x86
	EndGlobalSection
	GlobalSection(ProjectConfigurationPlatforms) = postSolution
		{078F7418-8D74-4F0F-A997-E49607E874B7}.boost_release|ARM.ActiveCfg = boost_release|Win32
		{078F7418-8D74-4F0F-A997-E49607E874B7}.boost_release|ARM64.ActiveCfg = boost_release|Win32
		{078F7418-8D74-4F0F-A997-E49607E874B7}.boost_release|x64.ActiveCfg = boost_release|x64
		{078F7418-8D74-4F0F-A997-E49607E874B7}.boost_release|x64.Build.0 = boost_release|x64
		{078F7418-8D74-4F0F-A997-E49607E874B7}.boost_release|x86.ActiveCfg = boost_release|Win32
		{078F7418-8D74-4F0F-A997-E49607E874B7}.boost_release|x86.Build.0 = boost_release|Win32
		{078F7418-8D74-4F0F-A997-E49607E874B7}.Debug|ARM.ActiveCfg = Debug|Win32
		{078F7418-8D74-4F0F-A997-E49607E874B7}.Debug|ARM64.ActiveCfg = Debug|Win32
		{078F7418-8D74-4F0F-A997-E49607E874B7}.Debug|x64.ActiveCfg = Debug|x64
		{078F7418-8D74-4F0F-A997-E49607E874B7}.Debug|x64.Build.0 = Debug|x64
		{078F7418-8D74-4F0F-A997-E49607E874B7}.Debug|x86.ActiveCfg = Debug|Win32
		{078F7418-8D74-4F0F-A997-E49607E874B7}.Debug|x86.Build.0 = Debug|Win32
		{078F7418-8D74-4F0F-A997-E49607E874B7}.Release|ARM.ActiveCfg = Release|Win32
		{078F7418-8D74-4F0F-A997-E49607E874B7}.Release|ARM64.ActiveCfg = Release|Win32
		{078F7418-8D74-4F0F-A997-E49607E874B7}.Release|x64.ActiveCfg = Release|x64
		{078F7418-8D74-4F0F-A997-E49607E874B7}.Release|x64.Build.0 = Release|x64
		{078F7418-8D74-4F0F-A997-E49607E874B7}.Release|x86.ActiveCfg = Release|Win32
		{078F7418-8D74-4F0F-A997-E49607E874B7}.Release|x86.Build.0 = Release|Win32
		{2F2B657B-4A87-4745-AA6D-737435023B43}.boost_release|ARM.ActiveCfg = boost_release|ARM
		{2F2B657B-4A87-4745-AA6D-737435023B43}.boost_release|ARM.Build.0 = boost_release|ARM
		{2F2B657B-4A87-4745-AA6D-737435023B43}.boost_release|ARM.Deploy.0 = boost_release|ARM
		{2F2B657B-4A87-4745-AA6D-737435023B43}.boost_release|ARM64.ActiveCfg = boost_release|ARM64
		{2F2B657B-4A87-4745-AA6D-737435023B43}.boost_release|ARM64.Build.0 = boost_release|ARM64
		{2F2B657B-4A87-4745-AA6D-737435023B43}.boost_release|ARM64.Deploy.0 = boost_release|ARM64
		{2F2B657B-4A87-4745-AA6D-737435023B43}.boost_release|x64.ActiveCfg = boost_release|x64
		{2F2B657B-4A87-4745-AA6D-737435023B43}.boost_release|x64.Build.0 = boost_release|x64
		{2F2B657B-4A87-4745-AA6D-737435023B43}.boost_release|x64.Deploy.0 = boost_release|x64
		{2F2B657B-4A87-4745-AA6D-737435023B43}.boost_release|x86.ActiveCfg = boost_release|x86
		{2F2B657B-4A87-4745-AA6D-737435023B43}.boost_release|x86.Build.0 = boost_release|x86
		{2F2B657B-4A87-4745-AA6D-737435023B43}.boost_release|x86.Deploy.0 = boost_release|x86
		{2F2B657B-4A87-4745-AA6D-737435023B43}.Debug|ARM.ActiveCfg = Debug|ARM
		{2F2B657B-4A87-4745-AA6D-737435023B43}.Debug|ARM.Build.0 = Debug|ARM
		{2F2B657B-4A87-4745-AA6D-737435023B43}.Debug|ARM.Deploy.0 = Debug|ARM
		{2F2B657B-4A87-4745-AA6D-737435023B43}.Debug|ARM64.ActiveCfg = Debug|ARM64
		{2F2B657B-4A87-4745-AA6D-737435023B43}.Debug|ARM64.Build.0 = Debug|ARM64
		{2F2B657B-4A87-4745-AA6D-737435023B43}.Debug|ARM64.Deploy.0 = Debug|ARM64
		{2F2B657B-4A87-4745-AA6D-737435023B43}.Debug|x64.ActiveCfg = Debug|x64
		{2F2B657B-4A87-4745-AA6D-737435023B43}.Debug|x64.Build.0 = Debug|x64
		{2F2B657B-4A87-4745-AA6D-737435023B43}.Debug|x64.Deploy.0 = Debug|x64
		{2F2B657B-4A87-4745-AA6D-737435023B43}.Debug|x86.ActiveCfg = Debug|x86
		{2F2B657B-4A87-4745-AA6D-737435023B43}.Debug|x86.Build.0 = Debug|x86
		{2F2B657B-4A87-4745-AA6D-737435023B43}.Debug|x86.Deploy.0 = Debug|x86
		{2F2B657B-4A87-4745-AA6D-737435023B43}.Release|ARM.ActiveCfg = Release|ARM
		{2F2B657B-4A87-4745-AA6D-737435023B43}.Release|ARM.Build.0 = Release|ARM
		{2F2B657B-4A87-4745-AA6D-737435023B43}.Release|ARM.Deploy.0 = Release|ARM
		{2F2B657B-4A87-4745-AA6D-737435023B43}.Release|ARM64.ActiveCfg = Release|ARM64
		{2F2B657B-4A87-4745-AA6D-737435023B43}.Release|ARM64.Build.0 = Release|ARM64
		{2F2B657B-4A87-4745-AA6D-737435023B43}.Release|ARM64.Deploy.0 = Release|ARM64
		{2F2B657B-4A87-4745-AA6D-737435023B43}.Release|x64.ActiveCfg = Release|x64
		{2F2B657B-4A87-4745-AA6D-737435023B43}.Release|x64.Build.0 = Release|x64
		{2F2B657B-4A87-4745-AA6D-737435023B43}.Release|x64.Deploy.0 = Release|x64
		{2F2B657B-4A87-4745-AA6D-737435023B43}.Release|x86.ActiveCfg = Release|x86
		{2F2B657B-4A87-4745-AA6D-737435023B43}.Release|x86.Build.0 = Release|x86
		{2F2B657B-4A87-4745-AA6D-737435023B43}.Release|x86.Deploy.0 = Release|x86
		{A3CC8645-220B-4469-9912-E7BD98AED954}.boost_release|ARM.ActiveCfg = boost_release|Win32
		{A3CC8645-220B-4469-9912-E7BD98AED954}.boost_release|ARM64.ActiveCfg = boost_release|Win32
		{A3CC8645-220B-4469-9912-E7BD98AED954}.boost_release|x64.ActiveCfg = boost_release|x64
		{A3CC8645-220B-4469-9912-E7BD98AED954}.boost_release|x64.Build.0 = boost_release|x64
		{A3CC8645-220B-4469-9912-E7BD98AED954}.boost_release|x86.ActiveCfg = boost_release|Win32
		{A3CC8645-220B-4469-9912-E7BD98AED954}.boost_release|x86.Build.0 = boost_release|Win32
		{A3CC8645-220B-4469-9912-E7BD98AED954}.Debug|ARM.ActiveCfg = Debug|Win32
		{A3CC8645-220B-4469-9912-E7BD98AED954}.Debug|ARM64.ActiveCfg = Debug|Win32
		{A3CC8645-220B-4469-9912-E7BD98AED954}.Debug|x64.ActiveCfg = Debug|x64
		{A3CC8645-220B-4469-9912-E7BD98AED954}.Debug|x64.Build.0 = Debug|x64
		{A3CC8645-220B-4469-9912-E7BD98AED954}.Debug|x86.ActiveCfg = Debug|Win32
		{A3CC8645-220B-4469-9912-E7BD98AED954}.Debug|x86.Build.0 = Debug|Win32
		{A3CC8645-220B-4469-9912-E7BD98AED954}.Release|ARM.ActiveCfg = Release|Win32
		{A3CC8645-220B-4469-9912-E7BD98AED954}.Release|ARM64.ActiveCfg = Release|Win32
		{A3CC8645-220B-4469-9912-E7BD98AED954}.Release|x64.ActiveCfg = Release|x64
		{A3CC8645-220B-4469-9912-E7BD98AED954}.Release|x64.Build.0 = Release|x64
		{A3CC8645-220B-4469-9912-E7BD98AED954}.Release|x86.ActiveCfg = Release|Win32
		{A3CC8645-220B-4469-9912-E7BD98AED954}.Release|x86.Build.0 = Release|Win32
		{051B2BB1-162E-4FA0-8877-4C8E98D79088}.boost_release|ARM.ActiveCfg = boost_release|Win32
		{051B2BB1-162E-4FA0-8877-4C8E98D79088}.boost_release|ARM64.ActiveCfg = boost_release|Win32
		{051B2BB1-162E-4FA0-8877-4C8E98D79088}.boost_release|x64.ActiveCfg = boost_release|x64
		{051B2BB1-162E-4FA0-8877-4C8E98D79088}.boost_release|x64.Build.0 = boost_release|x64
		{051B2BB1-162E-4FA0-8877-4C8E98D79088}.boost_release|x86.ActiveCfg = boost_release|Win32
		{051B2BB1-162E-4FA0-8877-4C8E98D79088}.boost_release|x86.Build.0 = boost_release|Win32
		{051B2BB1-162E-4FA0-8877-4C8E98D79088}.Debug|ARM.ActiveCfg = Debug|Win32
		{051B2BB1-162E-4FA0-8877-4C8E98D79088}.Debug|ARM64.ActiveCfg = Debug|Win32
		{051B2BB1-162E-4FA0-8877-4C8E98D79088}.Debug|x64.ActiveCfg = Debug|x64
		{051B2BB1-162E-4FA0-8877-4C8E98D79088}.Debug|x64.Build.0 = Debug|x64
		{051B2BB1-162E-4FA0-8877-4C8E98D79088}.Debug|x86.ActiveCfg = Debug|Win32
		{051B2BB1-162E-4FA0-8877-4C8E98D79088}.Debug|x86.Build.0 = Debug|Win32
		{051B2BB1-162E-4FA0-8877-4C8E98D79088}.Release|ARM.ActiveCfg = Release|Win32
		{051B2BB1-162E-4FA0-8877-4C8E98D79088}.Release|ARM64.ActiveCfg = Release|Win32
		{051B2BB1-162E-4FA0-8877-4C8E98D79088}.Release|x64.ActiveCfg = Release|x64
		{051B2BB1-162E-4FA0-8877-4C8E98D79088}.Release|x64.Build.0 = Release|x64
		{051B2BB1-162E-4FA0-8877-4C8E98D79088}.Release|x86.ActiveCfg = Release|Win32
		{051B2BB1-162E-4FA0-8877-4C8E98D79088}.Release|x86.Build.0 = Release|Win32
		{9436486C-5146-4B7C-A0DA-B7483D917F58}.boost_release|ARM.ActiveCfg = Debug|Win32
		{9436486C-5146-4B7C-A0DA-B7483D917F58}.boost_release|ARM.Build.0 = Debug|Win32
		{9436486C-5146-4B7C-A0DA-B7483D917F58}.boost_release|ARM64.ActiveCfg = Debug|Win32
		{9436486C-5146-4B7C-A0DA-B7483D917F58}.boost_release|ARM64.Build.0 = Debug|Win32
		{9436486C-5146-4B7C-A0DA-B7483D917F58}.boost_release|x64.ActiveCfg = Debug|x64
		{9436486C-5146-4B7C-A0DA-B7483D917F58}.boost_release|x64.Build.0 = Debug|x64
		{9436486C-5146-4B7C-A0DA-B7483D917F58}.boost_release|x86.ActiveCfg = Debug|Win32
		{9436486C-5146-4B7C-A0DA-B7483D917F58}.boost_release|x86.Build.0 = Debug|Win32
		{9436486C-5146-4B7C-A0DA-B7483D917F58}.Debug|ARM.ActiveCfg = Debug|Win32
		{9436486C-5146-4B7C-A0DA-B7483D917F58}.Debug|ARM64.ActiveCfg = Debug|Win32
		{9436486C-5146-4B7C-A0DA-B7483D917F58}.Debug|x64.ActiveCfg = Debug|x64
		{9436486C-5146-4B7C-A0DA-B7483D917F58}.Debug|x64.Build.0 = Debug|x64
		{9436486C-5146-4B7C-A0DA-B7483D917F58}.Debug|x86.ActiveCfg = Debug|Win32
		{9436486C-5146-4B7C-A0DA-B7483D917F58}.Debug|x86.Build.0 = Debug|Win32
		{9436486C-5146-4B7C-A0DA-B7483D917F58}.Release|ARM.ActiveCfg = Release|Win32
		{9436486C-5146-4B7C-A0DA-B7483D917F58}.Release|ARM64.ActiveCfg = Release|Win32
		{9436486C-5146-4B7C-A0DA-B7483D917F58}.Release|x64.ActiveCfg = Release|x64
		{9436486C-5146-4B7C-A0DA-B7483D917F58}.Release|x64.Build.0 = Release|x64
		{9436486C-5146-4B7C-A0DA-B7483D917F58}.Release|x86.ActiveCfg = Release|Win32
		{9436486C-5146-4B7C-A0DA-B7483D917F58}.Release|x86.Build.0 = Release|Win32
		{4B97030E-D442-40E4-BDB7-2BBBB7AEEB81}.boost_release|ARM.ActiveCfg = Debug|Win32
		{4B97030E-D442-40E4-BDB7-2BBBB7AEEB81}.boost_release|ARM.Build.0 = Debug|Win32
		{4B97030E-D442-40E4-BDB7-2BBBB7AEEB81}.boost_release|ARM64.ActiveCfg = Debug|Win32
		{4B97030E-D442-40E4-BDB7-2BBBB7AEEB81}.boost_release|ARM64.Build.0 = Debug|Win32
		{4B97030E-D442-40E4-BDB7-2BBBB7AEEB81}.boost_release|x64.ActiveCfg = Debug|x64
		{4B97030E-D442-40E4-BDB7-2BBBB7AEEB81}.boost_release|x64.Build.0 = Debug|x64
		{4B97030E-D442-40E4-BDB7-2BBBB7AEEB81}.boost_release|x86.ActiveCfg = Debug|Win32
		{4B97030E-D442-40E4-BDB7-2BBBB7AEEB81}.boost_release|x86.Build.0 = Debug|Win32
		{4B97030E-D442-40E4-BDB7-2BBBB7AEEB81}.Debug|ARM.ActiveCfg = Debug|Win32
		{4B97030E-D442-40E4-BDB7-2BBBB7AEEB81}.Debug|ARM64.ActiveCfg = Debug|Win32
		{4B97030E-D442-40E4-BDB7-2BBBB7AEEB81}.Debug|x64.ActiveCfg = Debug|x64
		{4B97030E-D442-40E4-BDB7-2BBBB7AEEB81}.Debug|x64.Build.0 = Debug|x64
		{4B97030E-D442-40E4-BDB7-2BBBB7AEEB81}.Debug|x86.ActiveCfg = Debug|Win32
		{4B97030E-D442-40E4-BDB7-2BBBB7AEEB81}.Debug|x86.Build.0 = Debug|Win32
		{4B97030E-D442-40E4-BDB7-2BBBB7AEEB81}.Release|ARM.ActiveCfg = Release|Win32
		{4B97030E-D442-40E4-BDB7-2BBBB7AEEB81}.Release|ARM64.ActiveCfg = Release|Win32
		{4B97030E-D442-40E4-BDB7-2BBBB7AEEB81}.Release|x64.ActiveCfg = Release|x64
		{4B97030E-D442-40E4-BDB7-2BBBB7AEEB81}.Release|x64.Build.0 = Release|x64
		{4B97030E-D442-40E4-BDB7-2BBBB7AEEB81}.Release|x86.ActiveCfg = Release|Win32
		{4B97030E-D442-40E4-BDB7-2BBBB7AEEB81}.Release|x86.Build.0 = Release|Win32
		{E75EE157-8282-4B49-8DD6-1FA79218EDB7}.boost_release|ARM.ActiveCfg = Debug|Win32
		{E75EE157-8282-4B49-8DD6-1FA79218EDB7}.boost_release|ARM.Build.0 = Debug|Win32
		{E75EE157-8282-4B49-8DD6-1FA79218EDB7}.boost_release|ARM64.ActiveCfg = Debug|Win32
		{E75EE157-8282-4B49-8DD6-1FA79218EDB7}.boost_release|ARM64.Build.0 = Debug|Win32
		{E75EE157-8282-4B49-8DD6-1FA79218EDB7}.boost_release|x64.ActiveCfg = Debug|x64
		{E75EE157-8282-4B49-8DD6-1FA79218EDB7}.boost_release|x64.Build.0 = Debug|x64
		{E75EE157-8282-4B49-8DD6-1FA79218EDB7}.boost_release|x86.ActiveCfg = Debug|Win32
		{E75EE157-8282-4B49-8DD6-1FA79218EDB7}.boost_release|x86.Build.0 = Debug|Win32
		{E75EE157-8282-4B49-8DD6-1FA79218EDB7}.Debug|ARM.ActiveCfg = Debug|Win32
		{E75EE157-8282-4B49-8DD6-1FA79218EDB7}.Debug|ARM64.ActiveCfg = Debug|Win32
		{E75EE157-8282-4B49-8DD6-1FA79218EDB7}.Debug|x64.ActiveCfg = Debug|x64
		{E75EE157-8282-4B49-8DD6-1FA79218EDB7}.Debug|x64.Build.0 = Debug|x64
		{E75EE157-8282-4B49-8DD6-1FA79218EDB7}.Debug|x86.ActiveCfg = Debug|Win32
		{E75EE157-8282-4B49-8DD6-1FA79218EDB7}.Debug|x86.Build.0 = Debug|Win32
		{E75EE157-8282-4B49-8DD6-1FA79218EDB7}.Release|ARM.ActiveCfg = Release|Win32
		{E75EE157-8282-4B49-8DD6-1FA79218EDB7}.Release|ARM64.ActiveCfg = Release|Win32
		{E75EE157-8282-4B49-8DD6-1FA79218EDB7}.Release|x64.ActiveCfg = Release|x64
		{E75EE157-8282-4B49-8DD6-1FA79218EDB7}.Release|x64.Build.0 = Release|x64
		{E75EE157-8282-4B49-8DD6-1FA79218EDB7}.Release|x86.ActiveCfg = Release|Win32
		{E75EE157-8282-4B49-8DD6-1FA79218EDB7}.Release|x86.Build.0 = Release|Win32
		{3DA99D20-077A-401D-9D6D-937B2130C817}.boost_release|ARM.ActiveCfg = Debug|Win32
		{3DA99D20-077A-401D-9D6D-937B2130C817}.boost_release|ARM.Build.0 = Debug|Win32
		{3DA99D20-077A-401D-9D6D-937B2130C817}.boost_release|ARM64.ActiveCfg = Debug|Win32
		{3DA99D20-077A-401D-9D6D-937B2130C817}.boost_release|ARM64.Build.0 = Debug|Win32
		{3DA99D20-077A-401D-9D6D-937B2130C817}.boost_release|x64.ActiveCfg = Debug|x64
		{3DA99D20-077A-401D-9D6D-937B2130C817}.boost_release|x64.Build.0 = Debug|x64
		{3DA99D20-077A-401D-9D6D-937B2130C817}.boost_release|x86.ActiveCfg = Debug|Win32
		{3DA99D20-077A-401D-9D6D-937B2130C817}.boost_release|x86.Build.0 = Debug|Win32
		{3DA99D20-077A-401D-9D6D-937B2130C817}.Debug|ARM.ActiveCfg = Debug|Win32
		{3DA99D20-077A-401D-9D6D-937B2130C817}.Debug|ARM64.ActiveCfg = Debug|Win32
		{3DA99D20-077A-401D-9D6D-937B2130C817}.Debug|x64.ActiveCfg = Debug|x64
		{3DA99D20-077A-401D-9D6D-937B2130C817}.Debug|x64.Build.0 = Debug|x64
		{3DA99D20-077A-401D-9D6D-937B2130C817}.Debug|x86.ActiveCfg = Debug|Win32
		{3DA99D20-077A-401D-9D6D-937B2130C817}.Debug|x86.Build.0 = Debug|Win32
		{3DA99D20-077A-401D-9D6D-937B2130C817}.Release|ARM.ActiveCfg = Release|Win32
		{3DA99D20-077A-401D-9D6D-937B2130C817}.Release|ARM64.ActiveCfg = Release|Win32
		{3DA99D20-077A-401D-9D6D-937B2130C817}.Release|x64.ActiveCfg = Release|x64
		{3DA99D20-077A-401D-9D6D-937B2130C817}.Release|x64.Build.0 = Release|x64
		{3DA99D20-077A-401D-9D6D-937B2130C817}.Release|x86.ActiveCfg = Release|Win32
		{3DA99D20-077A-401D-9D6D-937B2130C817}.Release|x86.Build.0 = Release|Win32
		{D134CC89-2776-49A2-A3B8-59716ABB757B}.boost_release|ARM.ActiveCfg = Debug|Win32
		{D134CC89-2776-49A2-A3B8-59716ABB757B}.boost_release|ARM.Build.0 = Debug|Win32
		{D134CC89-2776-49A2-A3B8-59716ABB757B}.boost_release|ARM64.ActiveCfg = Debug|Win32
		{D134CC89-2776-49A2-A3B8-59716ABB757B}.boost_release|ARM64.Build.0 = Debug|Win32
		{D134CC89-2776-49A2-A3B8-59716ABB757B}.boost_release|x64.ActiveCfg = Debug|x64
		{D134CC89-2776-49A2-A3B8-59716ABB757B}.boost_release|x64.Build.0 = Debug|x64
		{D134CC89-2776-49A2-A3B8-59716ABB757B}.boost_release|x86.ActiveCfg = Debug|Win32
		{D134CC89-2776-49A2-A3B8-59716ABB757B}.boost_release|x86.Build.0 = Debug|Win32
		{D134CC89-2776-49A2-A3B8-59716ABB757B}.Debug|ARM.ActiveCfg = Debug|Win32
		{D134CC89-2776-49A2-A3B8-59716ABB757B}.Debug|ARM64.ActiveCfg = Debug|Win32
		{D134CC89-2776-49A2-A3B8-59716ABB757B}.Debug|x64.ActiveCfg = Debug|x64
		{D134CC89-2776-49A2-A3B8-59716ABB757B}.Debug|x64.Build.0 = Debug|x64
		{D134CC89-2776-49A2-A3B8-59716ABB757B}.Debug|x86.ActiveCfg = Debug|Win32
		{D134CC89-2776-49A2-A3B8-59716ABB757B}.Debug|x86.Build.0 = Debug|Win32
		{D134CC89-2776-49A2-A3B8-59716ABB757B}.Release|ARM.ActiveCfg = Release|Win32
		{D134CC89-2776-49A2-A3B8-59716ABB757B}.Release|ARM64.ActiveCfg = Release|Win32
		{D134CC89-2776-49A2-A3B8-59716ABB757B}.Release|x64.ActiveCfg = Release|x64
		{D134CC89-2776-49A2-A3B8-59716ABB757B}.Release|x64.Build.0 = Release|x64
		{D134CC89-2776-49A2-A3B8-59716ABB757B}.Release|x86.ActiveCfg = Release|Win32
		{D134CC89-2776-49A2-A3B8-59716ABB757B}.Release|x86.Build.0 = Release|Win32
	EndGlobalSection
	GlobalSection(SolutionProperties) = preSolution
		HideSolutionNode = FALSE
	EndGlobalSection
	GlobalSection(ExtensibilityGlobals) = postSolution
		SolutionGuid = {A3A07C23-1110-4EE4-A7C1-33A21C28AE34}
	EndGlobalSection
EndGlobal
